Microsoft Visual Studio Solution File, Format Version 11.00
# Visual Studio 2008

Project("{EBB4AA26-DA91-AEBC-EE70-0CEFEF920254}") = "First Person Network", "Assembly-CSharp-firstpass.csproj", "{0AC8ACCC-23CF-8224-B348-9F6A445C453E}"
EndProject
Project("{EBB4AA26-DA91-AEBC-EE70-0CEFEF920254}") = "First Person Network", "Assembly-CSharp.csproj", "{FC9140D1-20C5-FDCE-C3B6-929F07AC15C5}"
EndProject
Project("{EBB4AA26-DA91-AEBC-EE70-0CEFEF920254}") = "First Person Network", "Assembly-UnityScript-firstpass.unityproj", "{5DB9BFE9-9C02-8826-F8A3-9D95A270BA2A}"
EndProject
Global
	GlobalSection(SolutionConfigurationPlatforms) = preSolution
		Debug|Any CPU = Debug|Any CPU
		Release|Any CPU = Release|Any CPU
	EndGlobalSection
	GlobalSection(ProjectConfigurationPlatforms) = postSolution
		{0AC8ACCC-23CF-8224-B348-9F6A445C453E}.Debug|Any CPU.ActiveCfg = Debug|Any CPU
		{0AC8ACCC-23CF-8224-B348-9F6A445C453E}.Debug|Any CPU.Build.0 = Debug|Any CPU
		{0AC8ACCC-23CF-8224-B348-9F6A445C453E}.Release|Any CPU.ActiveCfg = Release|Any CPU
		{0AC8ACCC-23CF-8224-B348-9F6A445C453E}.Release|Any CPU.Build.0 = Release|Any CPU
		{FC9140D1-20C5-FDCE-C3B6-929F07AC15C5}.Debug|Any CPU.ActiveCfg = Debug|Any CPU
		{FC9140D1-20C5-FDCE-C3B6-929F07AC15C5}.Debug|Any CPU.Build.0 = Debug|Any CPU
		{FC9140D1-20C5-FDCE-C3B6-929F07AC15C5}.Release|Any CPU.ActiveCfg = Release|Any CPU
		{FC9140D1-20C5-FDCE-C3B6-929F07AC15C5}.Release|Any CPU.Build.0 = Release|Any CPU
		{5DB9BFE9-9C02-8826-F8A3-9D95A270BA2A}.Debug|Any CPU.ActiveCfg = Debug|Any CPU
		{5DB9BFE9-9C02-8826-F8A3-9D95A270BA2A}.Debug|Any CPU.Build.0 = Debug|Any CPU
		{5DB9BFE9-9C02-8826-F8A3-9D95A270BA2A}.Release|Any CPU.ActiveCfg = Release|Any CPU
		{5DB9BFE9-9C02-8826-F8A3-9D95A270BA2A}.Release|Any CPU.Build.0 = Release|Any CPU
	EndGlobalSection
	GlobalSection(SolutionProperties) = preSolution
		HideSolutionNode = FALSE
	EndGlobalSection
																										GlobalSection(MonoDevelopProperties) = preSolution
		StartupItem = Assembly-CSharp.csproj
		Policies = $0
		$0.TextStylePolicy = $1
		$1.inheritsSet = null
		$1.scope = text/x-csharp
		$0.CSharpFormattingPolicy = $2
		$2.inheritsSet = Mono
		$2.inheritsScope = text/x-csharp
		$2.scope = text/x-csharp
		$0.TextStylePolicy = $3
		$3.FileWidth = 120
		$3.TabWidth = 4
		$3.EolMarker = Unix
		$3.inheritsSet = Mono
		$3.inheritsScope = text/plain
		$3.scope = text/plain
	EndGlobalSection

EndGlobal
